
Microsoft Visual Studio Solution File, Format Version 12.00
# Visual Studio Version 16
VisualStudioVersion = 16.0.30413.136
MinimumVisualStudioVersion = 10.0.40219.1
Project("{FAE04EC0-301F-11D3-BF4B-00C04F79EFBC}") = "Week6Arrays", "Week6Arrays\Week6Arrays.csproj", "{FFC1D63B-6ED0-424C-A34D-1293257A9215}"
EndProject
Project("{FAE04EC0-301F-11D3-BF4B-00C04F79EFBC}") = "WardrobePicker", "WardrobePicker\WardrobePicker.csproj", "{BE5F046E-D025-485E-B739-649DF5C6BC0F}"
EndProject
Project("{FAE04EC0-301F-11D3-BF4B-00C04F79EFBC}") = "UserAgainstZombies", "UserAgainstZombies\UserAgainstZombies.csproj", "{118862F4-BF85-4B97-BB53-48BF0B319B94}"
EndProject
Global
	GlobalSection(SolutionConfigurationPlatforms) = preSolution
		Debug|Any CPU = Debug|Any CPU
		Release|Any CPU = Release|Any CPU
	EndGlobalSection
	GlobalSection(ProjectConfigurationPlatforms) = postSolution
		{FFC1D63B-6ED0-424C-A34D-1293257A9215}.Debug|Any CPU.ActiveCfg = Debug|Any CPU
		{FFC1D63B-6ED0-424C-A34D-1293257A9215}.Debug|Any CPU.Build.0 = Debug|Any CPU
		{FFC1D63B-6ED0-424C-A34D-1293257A9215}.Release|Any CPU.ActiveCfg = Release|Any CPU
		{FFC1D63B-6ED0-424C-A34D-1293257A9215}.Release|Any CPU.Build.0 = Release|Any CPU
		{BE5F046E-D025-485E-B739-649DF5C6BC0F}.Debug|Any CPU.ActiveCfg = Debug|Any CPU
		{BE5F046E-D025-485E-B739-649DF5C6BC0F}.Debug|Any CPU.Build.0 = Debug|Any CPU
		{BE5F046E-D025-485E-B739-649DF5C6BC0F}.Release|Any CPU.ActiveCfg = Release|Any CPU
		{BE5F046E-D025-485E-B739-649DF5C6BC0F}.Release|Any CPU.Build.0 = Release|Any CPU
		{118862F4-BF85-4B97-BB53-48BF0B319B94}.Debug|Any CPU.ActiveCfg = Debug|Any CPU
		{118862F4-BF85-4B97-BB53-48BF0B319B94}.Debug|Any CPU.Build.0 = Debug|Any CPU
		{118862F4-BF85-4B97-BB53-48BF0B319B94}.Release|Any CPU.ActiveCfg = Release|Any CPU
		{118862F4-BF85-4B97-BB53-48BF0B319B94}.Release|Any CPU.Build.0 = Release|Any CPU
	EndGlobalSection
	GlobalSection(SolutionProperties) = preSolution
		HideSolutionNode = FALSE
	EndGlobalSection
	GlobalSection(ExtensibilityGlobals) = postSolution
		SolutionGuid = {C0BFBA36-3D73-41D1-87B5-6CB8FF684773}
	EndGlobalSection
EndGlobal
